
Microsoft Visual Studio Solution File, Format Version 12.00
# Visual Studio Version 17
VisualStudioVersion = 17.0.32112.339
MinimumVisualStudioVersion = 10.0.40219.1
Project("{FAE04EC0-301F-11D3-BF4B-00C04F79EFBC}") = "apiGestionCegep", "apiGestionCegep\apiGestionCegep.csproj", "{990FB747-EA6F-45C1-916E-EEFD196948B6}"
EndProject
Global
	GlobalSection(SolutionConfigurationPlatforms) = preSolution
		Debug|Any CPU = Debug|Any CPU
		Release|Any CPU = Release|Any CPU
	EndGlobalSection
	GlobalSection(ProjectConfigurationPlatforms) = postSolution
		{990FB747-EA6F-45C1-916E-EEFD196948B6}.Debug|Any CPU.ActiveCfg = Debug|Any CPU
		{990FB747-EA6F-45C1-916E-EEFD196948B6}.Debug|Any CPU.Build.0 = Debug|Any CPU
		{990FB747-EA6F-45C1-916E-EEFD196948B6}.Release|Any CPU.ActiveCfg = Release|Any CPU
		{990FB747-EA6F-45C1-916E-EEFD196948B6}.Release|Any CPU.Build.0 = Release|Any CPU
	EndGlobalSection
	GlobalSection(SolutionProperties) = preSolution
		HideSolutionNode = FALSE
	EndGlobalSection
	GlobalSection(ExtensibilityGlobals) = postSolution
		SolutionGuid = {6E75FABB-DFE3-482A-9B62-B2DC1B89E7F1}
	EndGlobalSection
EndGlobal
